// !$*UTF8*$!
{
	archiveVersion = 1;
	classes = {
	};
	objectVersion = 46;
	objects = {

/* Begin PBXBuildFile section */
		4505BDB11A14528700FEE05D /* SplitContainerViewController.m in Sources */ = {isa = PBXBuildFile; fileRef = 4505BDB01A14528700FEE05D /* SplitContainerViewController.m */; };
		45416B2A1A12FF5000E59C80 /* QuestionViewController.m in Sources */ = {isa = PBXBuildFile; fileRef = 45416B291A12FF5000E59C80 /* QuestionViewController.m */; };
		456429941A16B261001C6403 /* UsersViewController.m in Sources */ = {isa = PBXBuildFile; fileRef = 456429931A16B261001C6403 /* UsersViewController.m */; };
		4564299D1A180665001C6403 /* Localizable.strings in Resources */ = {isa = PBXBuildFile; fileRef = 4564299B1A1804A0001C6403 /* Localizable.strings */; };
		45B870041A15132700C8AF1A /* WebViewController.m in Sources */ = {isa = PBXBuildFile; fileRef = 45B870031A15132700C8AF1A /* WebViewController.m */; };
		45DCDFD91A180BD900E1F06D /* testJSON.json in Resources */ = {isa = PBXBuildFile; fileRef = 45DCDFD81A180BD900E1F06D /* testJSON.json */; };
		45EB66F71A112AE3006829D2 /* main.m in Sources */ = {isa = PBXBuildFile; fileRef = 45EB66F61A112AE3006829D2 /* main.m */; };
		45EB66FA1A112AE3006829D2 /* AppDelegate.m in Sources */ = {isa = PBXBuildFile; fileRef = 45EB66F91A112AE3006829D2 /* AppDelegate.m */; };
		45EB67001A112AE3006829D2 /* Main.storyboard in Resources */ = {isa = PBXBuildFile; fileRef = 45EB66FE1A112AE3006829D2 /* Main.storyboard */; };
		45EB67021A112AE3006829D2 /* Images.xcassets in Resources */ = {isa = PBXBuildFile; fileRef = 45EB67011A112AE3006829D2 /* Images.xcassets */; };
		45EB67051A112AE3006829D2 /* LaunchScreen.xib in Resources */ = {isa = PBXBuildFile; fileRef = 45EB67031A112AE3006829D2 /* LaunchScreen.xib */; };
		45EB67111A112AE3006829D2 /* ObjectiveCProjectTests.m in Sources */ = {isa = PBXBuildFile; fileRef = 45EB67101A112AE3006829D2 /* ObjectiveCProjectTests.m */; };
		45EB67211A117152006829D2 /* User.m in Sources */ = {isa = PBXBuildFile; fileRef = 45EB67201A117152006829D2 /* User.m */; };
		45EB67261A118161006829D2 /* Questions.m in Sources */ = {isa = PBXBuildFile; fileRef = 45EB67251A118161006829D2 /* Questions.m */; };
		45EB672A1A119B21006829D2 /* NetworkController.m in Sources */ = {isa = PBXBuildFile; fileRef = 45EB67291A119B21006829D2 /* NetworkController.m */; };
/* End PBXBuildFile section */

/* Begin PBXContainerItemProxy section */
		45EB670B1A112AE3006829D2 /* PBXContainerItemProxy */ = {
			isa = PBXContainerItemProxy;
			containerPortal = 45EB66E91A112AE2006829D2 /* Project object */;
			proxyType = 1;
			remoteGlobalIDString = 45EB66F01A112AE2006829D2;
			remoteInfo = ObjectiveCProject;
		};
/* End PBXContainerItemProxy section */

/* Begin PBXFileReference section */
		4505BDAF1A14528700FEE05D /* SplitContainerViewController.h */ = {isa = PBXFileReference; fileEncoding = 4; lastKnownFileType = sourcecode.c.h; path = SplitContainerViewController.h; sourceTree = "<group>"; };
		4505BDB01A14528700FEE05D /* SplitContainerViewController.m */ = {isa = PBXFileReference; fileEncoding = 4; lastKnownFileType = sourcecode.c.objc; path = SplitContainerViewController.m; sourceTree = "<group>"; };
		45416B281A12FF5000E59C80 /* QuestionViewController.h */ = {isa = PBXFileReference; fileEncoding = 4; lastKnownFileType = sourcecode.c.h; path = QuestionViewController.h; sourceTree = "<group>"; };
		45416B291A12FF5000E59C80 /* QuestionViewController.m */ = {isa = PBXFileReference; fileEncoding = 4; lastKnownFileType = sourcecode.c.objc; path = QuestionViewController.m; sourceTree = "<group>"; };
		456429921A16B261001C6403 /* UsersViewController.h */ = {isa = PBXFileReference; fileEncoding = 4; lastKnownFileType = sourcecode.c.h; path = UsersViewController.h; sourceTree = "<group>"; };
		456429931A16B261001C6403 /* UsersViewController.m */ = {isa = PBXFileReference; fileEncoding = 4; lastKnownFileType = sourcecode.c.objc; path = UsersViewController.m; sourceTree = "<group>"; };
		456429951A18044F001C6403 /* es */ = {isa = PBXFileReference; lastKnownFileType = text.plist.strings; name = es; path = es.lproj/Main.strings; sourceTree = "<group>"; };
		456429961A18044F001C6403 /* es */ = {isa = PBXFileReference; lastKnownFileType = text.plist.strings; name = es; path = es.lproj/LaunchScreen.strings; sourceTree = "<group>"; };
		4564299A1A1804A0001C6403 /* en */ = {isa = PBXFileReference; lastKnownFileType = text.plist.strings; name = en; path = en.lproj/Localizable.strings; sourceTree = "<group>"; };
		4564299C1A1804A6001C6403 /* es */ = {isa = PBXFileReference; lastKnownFileType = text.plist.strings; name = es; path = es.lproj/Localizable.strings; sourceTree = "<group>"; };
		45B870021A15132700C8AF1A /* WebViewController.h */ = {isa = PBXFileReference; fileEncoding = 4; lastKnownFileType = sourcecode.c.h; path = WebViewController.h; sourceTree = "<group>"; };
		45B870031A15132700C8AF1A /* WebViewController.m */ = {isa = PBXFileReference; fileEncoding = 4; lastKnownFileType = sourcecode.c.objc; path = WebViewController.m; sourceTree = "<group>"; };
		45DCDFD81A180BD900E1F06D /* testJSON.json */ = {isa = PBXFileReference; fileEncoding = 4; lastKnownFileType = text.json; name = testJSON.json; path = ObjectiveCProjectTests/testJSON.json; sourceTree = SOURCE_ROOT; };
		45EB66F11A112AE2006829D2 /* ObjectiveCProject.app */ = {isa = PBXFileReference; explicitFileType = wrapper.application; includeInIndex = 0; path = ObjectiveCProject.app; sourceTree = BUILT_PRODUCTS_DIR; };
		45EB66F51A112AE3006829D2 /* Info.plist */ = {isa = PBXFileReference; lastKnownFileType = text.plist.xml; path = Info.plist; sourceTree = "<group>"; };
		45EB66F61A112AE3006829D2 /* main.m */ = {isa = PBXFileReference; lastKnownFileType = sourcecode.c.objc; path = main.m; sourceTree = "<group>"; };
		45EB66F81A112AE3006829D2 /* AppDelegate.h */ = {isa = PBXFileReference; lastKnownFileType = sourcecode.c.h; path = AppDelegate.h; sourceTree = "<group>"; };
		45EB66F91A112AE3006829D2 /* AppDelegate.m */ = {isa = PBXFileReference; lastKnownFileType = sourcecode.c.objc; path = AppDelegate.m; sourceTree = "<group>"; };
		45EB66FF1A112AE3006829D2 /* Base */ = {isa = PBXFileReference; lastKnownFileType = file.storyboard; name = Base; path = Base.lproj/Main.storyboard; sourceTree = "<group>"; };
		45EB67011A112AE3006829D2 /* Images.xcassets */ = {isa = PBXFileReference; lastKnownFileType = folder.assetcatalog; path = Images.xcassets; sourceTree = "<group>"; };
		45EB67041A112AE3006829D2 /* Base */ = {isa = PBXFileReference; lastKnownFileType = file.xib; name = Base; path = Base.lproj/LaunchScreen.xib; sourceTree = "<group>"; };
		45EB670A1A112AE3006829D2 /* ObjectiveCProjectTests.xctest */ = {isa = PBXFileReference; explicitFileType = wrapper.cfbundle; includeInIndex = 0; path = ObjectiveCProjectTests.xctest; sourceTree = BUILT_PRODUCTS_DIR; };
		45EB670F1A112AE3006829D2 /* Info.plist */ = {isa = PBXFileReference; lastKnownFileType = text.plist.xml; path = Info.plist; sourceTree = "<group>"; };
		45EB67101A112AE3006829D2 /* ObjectiveCProjectTests.m */ = {isa = PBXFileReference; lastKnownFileType = sourcecode.c.objc; path = ObjectiveCProjectTests.m; sourceTree = "<group>"; };
		45EB671F1A117152006829D2 /* User.h */ = {isa = PBXFileReference; fileEncoding = 4; lastKnownFileType = sourcecode.c.h; path = User.h; sourceTree = "<group>"; };
		45EB67201A117152006829D2 /* User.m */ = {isa = PBXFileReference; fileEncoding = 4; lastKnownFileType = sourcecode.c.objc; path = User.m; sourceTree = "<group>"; };
		45EB67241A118161006829D2 /* Questions.h */ = {isa = PBXFileReference; fileEncoding = 4; lastKnownFileType = sourcecode.c.h; path = Questions.h; sourceTree = "<group>"; };
		45EB67251A118161006829D2 /* Questions.m */ = {isa = PBXFileReference; fileEncoding = 4; lastKnownFileType = sourcecode.c.objc; path = Questions.m; sourceTree = "<group>"; };
		45EB67281A119B21006829D2 /* NetworkController.h */ = {isa = PBXFileReference; fileEncoding = 4; lastKnownFileType = sourcecode.c.h; path = NetworkController.h; sourceTree = "<group>"; };
		45EB67291A119B21006829D2 /* NetworkController.m */ = {isa = PBXFileReference; fileEncoding = 4; lastKnownFileType = sourcecode.c.objc; path = NetworkController.m; sourceTree = "<group>"; };
/* End PBXFileReference section */

/* Begin PBXFrameworksBuildPhase section */
		45EB66EE1A112AE2006829D2 /* Frameworks */ = {
			isa = PBXFrameworksBuildPhase;
			buildActionMask = 2147483647;
			files = (
			);
			runOnlyForDeploymentPostprocessing = 0;
		};
		45EB67071A112AE3006829D2 /* Frameworks */ = {
			isa = PBXFrameworksBuildPhase;
			buildActionMask = 2147483647;
			files = (
			);
			runOnlyForDeploymentPostprocessing = 0;
		};
/* End PBXFrameworksBuildPhase section */

/* Begin PBXGroup section */
		45EB66E81A112AE2006829D2 = {
			isa = PBXGroup;
			children = (
				45DCDFD81A180BD900E1F06D /* testJSON.json */,
				45EB66F31A112AE2006829D2 /* ObjectiveCProject */,
				45EB670D1A112AE3006829D2 /* ObjectiveCProjectTests */,
				45EB66F21A112AE2006829D2 /* Products */,
			);
			sourceTree = "<group>";
		};
		45EB66F21A112AE2006829D2 /* Products */ = {
			isa = PBXGroup;
			children = (
				45EB66F11A112AE2006829D2 /* ObjectiveCProject.app */,
				45EB670A1A112AE3006829D2 /* ObjectiveCProjectTests.xctest */,
			);
			name = Products;
			sourceTree = "<group>";
		};
		45EB66F31A112AE2006829D2 /* ObjectiveCProject */ = {
			isa = PBXGroup;
			children = (
				45EB66F81A112AE3006829D2 /* AppDelegate.h */,
				45EB66F91A112AE3006829D2 /* AppDelegate.m */,
				45EB671E1A117021006829D2 /* Model */,
				45EB67221A1171C4006829D2 /* View */,
				45EB67231A1171D2006829D2 /* Controller */,
				45EB67011A112AE3006829D2 /* Images.xcassets */,
				45EB67031A112AE3006829D2 /* LaunchScreen.xib */,
				45EB66F41A112AE3006829D2 /* Supporting Files */,
			);
			path = ObjectiveCProject;
			sourceTree = "<group>";
		};
		45EB66F41A112AE3006829D2 /* Supporting Files */ = {
			isa = PBXGroup;
			children = (
				45EB66F51A112AE3006829D2 /* Info.plist */,
				45EB66F61A112AE3006829D2 /* main.m */,
			);
			name = "Supporting Files";
			sourceTree = "<group>";
		};
		45EB670D1A112AE3006829D2 /* ObjectiveCProjectTests */ = {
			isa = PBXGroup;
			children = (
				45EB67101A112AE3006829D2 /* ObjectiveCProjectTests.m */,
				45EB670E1A112AE3006829D2 /* Supporting Files */,
			);
			path = ObjectiveCProjectTests;
			sourceTree = "<group>";
		};
		45EB670E1A112AE3006829D2 /* Supporting Files */ = {
			isa = PBXGroup;
			children = (
				45EB670F1A112AE3006829D2 /* Info.plist */,
			);
			name = "Supporting Files";
			sourceTree = "<group>";
		};
		45EB671E1A117021006829D2 /* Model */ = {
			isa = PBXGroup;
			children = (
				45EB671F1A117152006829D2 /* User.h */,
				45EB67201A117152006829D2 /* User.m */,
				45EB67241A118161006829D2 /* Questions.h */,
				45EB67251A118161006829D2 /* Questions.m */,
				4564299B1A1804A0001C6403 /* Localizable.strings */,
			);
			name = Model;
			sourceTree = "<group>";
		};
		45EB67221A1171C4006829D2 /* View */ = {
			isa = PBXGroup;
			children = (
				45EB66FE1A112AE3006829D2 /* Main.storyboard */,
			);
			name = View;
			sourceTree = "<group>";
		};
		45EB67231A1171D2006829D2 /* Controller */ = {
			isa = PBXGroup;
			children = (
				4505BDAF1A14528700FEE05D /* SplitContainerViewController.h */,
				4505BDB01A14528700FEE05D /* SplitContainerViewController.m */,
				45B870021A15132700C8AF1A /* WebViewController.h */,
				45B870031A15132700C8AF1A /* WebViewController.m */,
				45EB67281A119B21006829D2 /* NetworkController.h */,
				45EB67291A119B21006829D2 /* NetworkController.m */,
				45416B281A12FF5000E59C80 /* QuestionViewController.h */,
				45416B291A12FF5000E59C80 /* QuestionViewController.m */,
				456429921A16B261001C6403 /* UsersViewController.h */,
				456429931A16B261001C6403 /* UsersViewController.m */,
			);
			name = Controller;
			sourceTree = "<group>";
		};
/* End PBXGroup section */

/* Begin PBXNativeTarget section */
		45EB66F01A112AE2006829D2 /* ObjectiveCProject */ = {
			isa = PBXNativeTarget;
			buildConfigurationList = 45EB67141A112AE3006829D2 /* Build configuration list for PBXNativeTarget "ObjectiveCProject" */;
			buildPhases = (
				45EB66ED1A112AE2006829D2 /* Sources */,
				45EB66EE1A112AE2006829D2 /* Frameworks */,
				45EB66EF1A112AE2006829D2 /* Resources */,
			);
			buildRules = (
			);
			dependencies = (
			);
			name = ObjectiveCProject;
			productName = ObjectiveCProject;
			productReference = 45EB66F11A112AE2006829D2 /* ObjectiveCProject.app */;
			productType = "com.apple.product-type.application";
		};
		45EB67091A112AE3006829D2 /* ObjectiveCProjectTests */ = {
			isa = PBXNativeTarget;
			buildConfigurationList = 45EB67171A112AE3006829D2 /* Build configuration list for PBXNativeTarget "ObjectiveCProjectTests" */;
			buildPhases = (
				45EB67061A112AE3006829D2 /* Sources */,
				45EB67071A112AE3006829D2 /* Frameworks */,
				45EB67081A112AE3006829D2 /* Resources */,
			);
			buildRules = (
			);
			dependencies = (
				45EB670C1A112AE3006829D2 /* PBXTargetDependency */,
			);
			name = ObjectiveCProjectTests;
			productName = ObjectiveCProjectTests;
			productReference = 45EB670A1A112AE3006829D2 /* ObjectiveCProjectTests.xctest */;
			productType = "com.apple.product-type.bundle.unit-test";
		};
/* End PBXNativeTarget section */

/* Begin PBXProject section */
		45EB66E91A112AE2006829D2 /* Project object */ = {
			isa = PBXProject;
			attributes = {
				LastUpgradeCheck = 0610;
				ORGANIZATIONNAME = "Brian Mendez";
				TargetAttributes = {
					45EB66F01A112AE2006829D2 = {
						CreatedOnToolsVersion = 6.1;
					};
					45EB67091A112AE3006829D2 = {
						CreatedOnToolsVersion = 6.1;
						TestTargetID = 45EB66F01A112AE2006829D2;
					};
				};
			};
			buildConfigurationList = 45EB66EC1A112AE2006829D2 /* Build configuration list for PBXProject "ObjectiveCProject" */;
			compatibilityVersion = "Xcode 3.2";
			developmentRegion = English;
			hasScannedForEncodings = 0;
			knownRegions = (
				en,
				Base,
				es,
			);
			mainGroup = 45EB66E81A112AE2006829D2;
			productRefGroup = 45EB66F21A112AE2006829D2 /* Products */;
			projectDirPath = "";
			projectRoot = "";
			targets = (
				45EB66F01A112AE2006829D2 /* ObjectiveCProject */,
				45EB67091A112AE3006829D2 /* ObjectiveCProjectTests */,
			);
		};
/* End PBXProject section */

/* Begin PBXResourcesBuildPhase section */
		45EB66EF1A112AE2006829D2 /* Resources */ = {
			isa = PBXResourcesBuildPhase;
			buildActionMask = 2147483647;
			files = (
				4564299D1A180665001C6403 /* Localizable.strings in Resources */,
				45EB67001A112AE3006829D2 /* Main.storyboard in Resources */,
				45EB67051A112AE3006829D2 /* LaunchScreen.xib in Resources */,
				45EB67021A112AE3006829D2 /* Images.xcassets in Resources */,
			);
			runOnlyForDeploymentPostprocessing = 0;
		};
		45EB67081A112AE3006829D2 /* Resources */ = {
			isa = PBXResourcesBuildPhase;
			buildActionMask = 2147483647;
			files = (
				45DCDFD91A180BD900E1F06D /* testJSON.json in Resources */,
			);
			runOnlyForDeploymentPostprocessing = 0;
		};
/* End PBXResourcesBuildPhase section */

/* Begin PBXSourcesBuildPhase section */
		45EB66ED1A112AE2006829D2 /* Sources */ = {
			isa = PBXSourcesBuildPhase;
			buildActionMask = 2147483647;
			files = (
				456429941A16B261001C6403 /* UsersViewController.m in Sources */,
				45EB67211A117152006829D2 /* User.m in Sources */,
				45EB67261A118161006829D2 /* Questions.m in Sources */,
				45416B2A1A12FF5000E59C80 /* QuestionViewController.m in Sources */,
				45B870041A15132700C8AF1A /* WebViewController.m in Sources */,
				45EB66FA1A112AE3006829D2 /* AppDelegate.m in Sources */,
				45EB672A1A119B21006829D2 /* NetworkController.m in Sources */,
				45EB66F71A112AE3006829D2 /* main.m in Sources */,
				4505BDB11A14528700FEE05D /* SplitContainerViewController.m in Sources */,
			);
			runOnlyForDeploymentPostprocessing = 0;
		};
		45EB67061A112AE3006829D2 /* Sources */ = {
			isa = PBXSourcesBuildPhase;
			buildActionMask = 2147483647;
			files = (
				45EB67111A112AE3006829D2 /* ObjectiveCProjectTests.m in Sources */,
			);
			runOnlyForDeploymentPostprocessing = 0;
		};
/* End PBXSourcesBuildPhase section */

/* Begin PBXTargetDependency section */
		45EB670C1A112AE3006829D2 /* PBXTargetDependency */ = {
			isa = PBXTargetDependency;
			target = 45EB66F01A112AE2006829D2 /* ObjectiveCProject */;
			targetProxy = 45EB670B1A112AE3006829D2 /* PBXContainerItemProxy */;
		};
/* End PBXTargetDependency section */

/* Begin PBXVariantGroup section */
		4564299B1A1804A0001C6403 /* Localizable.strings */ = {
			isa = PBXVariantGroup;
			children = (
				4564299A1A1804A0001C6403 /* en */,
				4564299C1A1804A6001C6403 /* es */,
			);
			name = Localizable.strings;
			sourceTree = "<group>";
		};
		45EB66FE1A112AE3006829D2 /* Main.storyboard */ = {
			isa = PBXVariantGroup;
			children = (
				45EB66FF1A112AE3006829D2 /* Base */,
				456429951A18044F001C6403 /* es */,
			);
			name = Main.storyboard;
			sourceTree = "<group>";
		};
		45EB67031A112AE3006829D2 /* LaunchScreen.xib */ = {
			isa = PBXVariantGroup;
			children = (
				45EB67041A112AE3006829D2 /* Base */,
				456429961A18044F001C6403 /* es */,
			);
			name = LaunchScreen.xib;
			sourceTree = "<group>";
		};
/* End PBXVariantGroup section */

/* Begin XCBuildConfiguration section */
		45EB67121A112AE3006829D2 /* Debug */ = {
			isa = XCBuildConfiguration;
			buildSettings = {
				ALWAYS_SEARCH_USER_PATHS = NO;
				CLANG_CXX_LANGUAGE_STANDARD = "gnu++0x";
				CLANG_CXX_LIBRARY = "libc++";
				CLANG_ENABLE_MODULES = YES;
				CLANG_ENABLE_OBJC_ARC = YES;
				CLANG_WARN_BOOL_CONVERSION = YES;
				CLANG_WARN_CONSTANT_CONVERSION = YES;
				CLANG_WARN_DIRECT_OBJC_ISA_USAGE = YES_ERROR;
				CLANG_WARN_EMPTY_BODY = YES;
				CLANG_WARN_ENUM_CONVERSION = YES;
				CLANG_WARN_INT_CONVERSION = YES;
				CLANG_WARN_OBJC_ROOT_CLASS = YES_ERROR;
				CLANG_WARN_UNREACHABLE_CODE = YES;
				CLANG_WARN__DUPLICATE_METHOD_MATCH = YES;
				"CODE_SIGN_IDENTITY[sdk=iphoneos*]" = "iPhone Developer";
				COPY_PHASE_STRIP = NO;
				ENABLE_STRICT_OBJC_MSGSEND = YES;
				GCC_C_LANGUAGE_STANDARD = gnu99;
				GCC_DYNAMIC_NO_PIC = NO;
				GCC_OPTIMIZATION_LEVEL = 0;
				GCC_PREPROCESSOR_DEFINITIONS = (
					"DEBUG=1",
					"$(inherited)",
				);
				GCC_SYMBOLS_PRIVATE_EXTERN = NO;
				GCC_WARN_64_TO_32_BIT_CONVERSION = YES;
				GCC_WARN_ABOUT_RETURN_TYPE = YES_ERROR;
				GCC_WARN_UNDECLARED_SELECTOR = YES;
				GCC_WARN_UNINITIALIZED_AUTOS = YES_AGGRESSIVE;
				GCC_WARN_UNUSED_FUNCTION = YES;
				GCC_WARN_UNUSED_VARIABLE = YES;
				IPHONEOS_DEPLOYMENT_TARGET = 8.1;
				MTL_ENABLE_DEBUG_INFO = YES;
				ONLY_ACTIVE_ARCH = YES;
				SDKROOT = iphoneos;
				TARGETED_DEVICE_FAMILY = "1,2";
			};
			name = Debug;
		};
		45EB67131A112AE3006829D2 /* Release */ = {
			isa = XCBuildConfiguration;
			buildSettings = {
				ALWAYS_SEARCH_USER_PATHS = NO;
				CLANG_CXX_LANGUAGE_STANDARD = "gnu++0x";
				CLANG_CXX_LIBRARY = "libc++";
				CLANG_ENABLE_MODULES = YES;
				CLANG_ENABLE_OBJC_ARC = YES;
				CLANG_WARN_BOOL_CONVERSION = YES;
				CLANG_WARN_CONSTANT_CONVERSION = YES;
				CLANG_WARN_DIRECT_OBJC_ISA_USAGE = YES_ERROR;
				CLANG_WARN_EMPTY_BODY = YES;
				CLANG_WARN_ENUM_CONVERSION = YES;
				CLANG_WARN_INT_CONVERSION = YES;
				CLANG_WARN_OBJC_ROOT_CLASS = YES_ERROR;
				CLANG_WARN_UNREACHABLE_CODE = YES;
				CLANG_WARN__DUPLICATE_METHOD_MATCH = YES;
				"CODE_SIGN_IDENTITY[sdk=iphoneos*]" = "iPhone Developer";
				COPY_PHASE_STRIP = YES;
				ENABLE_NS_ASSERTIONS = NO;
				ENABLE_STRICT_OBJC_MSGSEND = YES;
				GCC_C_LANGUAGE_STANDARD = gnu99;
				GCC_WARN_64_TO_32_BIT_CONVERSION = YES;
				GCC_WARN_ABOUT_RETURN_TYPE = YES_ERROR;
				GCC_WARN_UNDECLARED_SELECTOR = YES;
				GCC_WARN_UNINITIALIZED_AUTOS = YES_AGGRESSIVE;
				GCC_WARN_UNUSED_FUNCTION = YES;
				GCC_WARN_UNUSED_VARIABLE = YES;
				IPHONEOS_DEPLOYMENT_TARGET = 8.1;
				MTL_ENABLE_DEBUG_INFO = NO;
				SDKROOT = iphoneos;
				TARGETED_DEVICE_FAMILY = "1,2";
				VALIDATE_PRODUCT = YES;
			};
			name = Release;
		};
		45EB67151A112AE3006829D2 /* Debug */ = {
			isa = XCBuildConfiguration;
			buildSettings = {
				ASSETCATALOG_COMPILER_APPICON_NAME = AppIcon;
				INFOPLIST_FILE = ObjectiveCProject/Info.plist;
				LD_RUNPATH_SEARCH_PATHS = "$(inherited) @executable_path/Frameworks";
				PRODUCT_NAME = "$(TARGET_NAME)";
			};
			name = Debug;
		};
		45EB67161A112AE3006829D2 /* Release */ = {
			isa = XCBuildConfiguration;
			buildSettings = {
				ASSETCATALOG_COMPILER_APPICON_NAME = AppIcon;
				INFOPLIST_FILE = ObjectiveCProject/Info.plist;
				LD_RUNPATH_SEARCH_PATHS = "$(inherited) @executable_path/Frameworks";
				PRODUCT_NAME = "$(TARGET_NAME)";
			};
			name = Release;
		};
		45EB67181A112AE3006829D2 /* Debug */ = {
			isa = XCBuildConfiguration;
			buildSettings = {
				BUNDLE_LOADER = "$(TEST_HOST)";
				FRAMEWORK_SEARCH_PATHS = (
					"$(SDKROOT)/Developer/Library/Frameworks",
					"$(inherited)",
				);
				GCC_PREPROCESSOR_DEFINITIONS = (
					"DEBUG=1",
					"$(inherited)",
				);
				INFOPLIST_FILE = ObjectiveCProjectTests/Info.plist;
				LD_RUNPATH_SEARCH_PATHS = "$(inherited) @executable_path/Frameworks @loader_path/Frameworks";
				PRODUCT_NAME = "$(TARGET_NAME)";
				TEST_HOST = "$(BUILT_PRODUCTS_DIR)/ObjectiveCProject.app/ObjectiveCProject";
			};
			name = Debug;
		};
		45EB67191A112AE3006829D2 /* Release */ = {
			isa = XCBuildConfiguration;
			buildSettings = {
				BUNDLE_LOADER = "$(TEST_HOST)";
				FRAMEWORK_SEARCH_PATHS = (
					"$(SDKROOT)/Developer/Library/Frameworks",
					"$(inherited)",
				);
				INFOPLIST_FILE = ObjectiveCProjectTests/Info.plist;
				LD_RUNPATH_SEARCH_PATHS = "$(inherited) @executable_path/Frameworks @loader_path/Frameworks";
				PRODUCT_NAME = "$(TARGET_NAME)";
				TEST_HOST = "$(BUILT_PRODUCTS_DIR)/ObjectiveCProject.app/ObjectiveCProject";
			};
			name = Release;
		};
/* End XCBuildConfiguration section */

/* Begin XCConfigurationList section */
		45EB66EC1A112AE2006829D2 /* Build configuration list for PBXProject "ObjectiveCProject" */ = {
			isa = XCConfigurationList;
			buildConfigurations = (
				45EB67121A112AE3006829D2 /* Debug */,
				45EB67131A112AE3006829D2 /* Release */,
			);
			defaultConfigurationIsVisible = 0;
			defaultConfigurationName = Release;
		};
		45EB67141A112AE3006829D2 /* Build configuration list for PBXNativeTarget "ObjectiveCProject" */ = {
			isa = XCConfigurationList;
			buildConfigurations = (
				45EB67151A112AE3006829D2 /* Debug */,
				45EB67161A112AE3006829D2 /* Release */,
			);
			defaultConfigurationIsVisible = 0;
			defaultConfigurationName = Release;
		};
		45EB67171A112AE3006829D2 /* Build configuration list for PBXNativeTarget "ObjectiveCProjectTests" */ = {
			isa = XCConfigurationList;
			buildConfigurations = (
				45EB67181A112AE3006829D2 /* Debug */,
				45EB67191A112AE3006829D2 /* Release */,
			);
			defaultConfigurationIsVisible = 0;
			defaultConfigurationName = Release;
		};
/* End XCConfigurationList section */
	};
	rootObject = 45EB66E91A112AE2006829D2 /* Project object */;
}
